// !$*UTF8*$!
{
	archiveVersion = 1;
	classes = {
	};
	objectVersion = 50;
	objects = {

/* Begin PBXBuildFile section */
		5261A3B5218171AA0012574A /* BottomSheetCellVM.swift in Sources */ = {isa = PBXBuildFile; fileRef = 5261A3B4218171AA0012574A /* BottomSheetCellVM.swift */; };
		5261A3BA218194CA0012574A /* location_signal_rev.json in Resources */ = {isa = PBXBuildFile; fileRef = 5261A3B8218194CA0012574A /* location_signal_rev.json */; };
		5261A3BB218194CA0012574A /* world_locations.json in Resources */ = {isa = PBXBuildFile; fileRef = 5261A3B9218194CA0012574A /* world_locations.json */; };
		A28E3CCE217E2C48006E36EB /* Constants.swift in Sources */ = {isa = PBXBuildFile; fileRef = A28E3CCD217E2C48006E36EB /* Constants.swift */; };
		A291D0B4218252C0002112D4 /* Localizable.strings in Resources */ = {isa = PBXBuildFile; fileRef = A291D0B3218252C0002112D4 /* Localizable.strings */; };
		A291D0CA2182573E002112D4 /* empty_box.json in Resources */ = {isa = PBXBuildFile; fileRef = A291D0C92182573E002112D4 /* empty_box.json */; };
		A2960CEA217F782300063C53 /* HomeMapVM.swift in Sources */ = {isa = PBXBuildFile; fileRef = A2960CE9217F782300063C53 /* HomeMapVM.swift */; };
		A2960CEC217F80C000063C53 /* Place.swift in Sources */ = {isa = PBXBuildFile; fileRef = A2960CEB217F80C000063C53 /* Place.swift */; };
		A2960CEE217F814200063C53 /* PlaceLocation.swift in Sources */ = {isa = PBXBuildFile; fileRef = A2960CED217F814200063C53 /* PlaceLocation.swift */; };
		A2960CF1217F828F00063C53 /* Services.swift in Sources */ = {isa = PBXBuildFile; fileRef = A2960CF0217F828F00063C53 /* Services.swift */; };
		A2960CF3217FB1C100063C53 /* BottomPlaceSheetVM.swift in Sources */ = {isa = PBXBuildFile; fileRef = A2960CF2217FB1C100063C53 /* BottomPlaceSheetVM.swift */; };
		A2960CF5217FCD5F00063C53 /* IntTransform.swift in Sources */ = {isa = PBXBuildFile; fileRef = A2960CF4217FCD5F00063C53 /* IntTransform.swift */; };
		A2A90CA0217E3F25007DF3EB /* BottomPlaceSheetViewController.swift in Sources */ = {isa = PBXBuildFile; fileRef = A2A90C9F217E3F25007DF3EB /* BottomPlaceSheetViewController.swift */; };
		A2A90CA2217E489F007DF3EB /* BottomSheetCell.swift in Sources */ = {isa = PBXBuildFile; fileRef = A2A90CA1217E489F007DF3EB /* BottomSheetCell.swift */; };
		A2A90CB8217F600D007DF3EB /* MapLocation.swift in Sources */ = {isa = PBXBuildFile; fileRef = A2A90CB7217F600D007DF3EB /* MapLocation.swift */; };
		A2B376182180C229002DC84A /* Utils.swift in Sources */ = {isa = PBXBuildFile; fileRef = A2B376172180C229002DC84A /* Utils.swift */; };
		A2B3762D2180CF51002DC84A /* loading.json in Resources */ = {isa = PBXBuildFile; fileRef = A2B3762C2180CF50002DC84A /* loading.json */; };
		A2B376312180E0CE002DC84A /* Icons.swift in Sources */ = {isa = PBXBuildFile; fileRef = A2B376302180E0CE002DC84A /* Icons.swift */; };
		A2CA84DE217E14D500242A6C /* AppDelegate.swift in Sources */ = {isa = PBXBuildFile; fileRef = A2CA84DD217E14D500242A6C /* AppDelegate.swift */; };
		A2CA84E0217E14D500242A6C /* HomeMapController.swift in Sources */ = {isa = PBXBuildFile; fileRef = A2CA84DF217E14D500242A6C /* HomeMapController.swift */; };
		A2CA84E3217E14D500242A6C /* Main.storyboard in Resources */ = {isa = PBXBuildFile; fileRef = A2CA84E1217E14D500242A6C /* Main.storyboard */; };
		A2CA84E6217E14D500242A6C /* merlinApp.xcdatamodeld in Sources */ = {isa = PBXBuildFile; fileRef = A2CA84E4217E14D500242A6C /* merlinApp.xcdatamodeld */; };
		A2CA84E8217E14D700242A6C /* Assets.xcassets in Resources */ = {isa = PBXBuildFile; fileRef = A2CA84E7217E14D700242A6C /* Assets.xcassets */; };
		A2CA84EB217E14D700242A6C /* LaunchScreen.storyboard in Resources */ = {isa = PBXBuildFile; fileRef = A2CA84E9217E14D700242A6C /* LaunchScreen.storyboard */; };
		A2CA84F6217E14D700242A6C /* merlinAppTests.swift in Sources */ = {isa = PBXBuildFile; fileRef = A2CA84F5217E14D700242A6C /* merlinAppTests.swift */; };
		A2CA8501217E14D700242A6C /* merlinAppUITests.swift in Sources */ = {isa = PBXBuildFile; fileRef = A2CA8500217E14D700242A6C /* merlinAppUITests.swift */; };
		BA2D4A7C154A05366228CF29 /* Pods_merlinApp.framework in Frameworks */ = {isa = PBXBuildFile; fileRef = 58A3FE59A319D939DFF5E150 /* Pods_merlinApp.framework */; };
		D00D8DBB003BA0FEF86530E3 /* Pods_merlinAppUITests.framework in Frameworks */ = {isa = PBXBuildFile; fileRef = 9C9D275EBF5E19E88589A44F /* Pods_merlinAppUITests.framework */; };
		DC78A0B7F0F09C05685B010A /* Pods_merlinAppTests.framework in Frameworks */ = {isa = PBXBuildFile; fileRef = C832E2720E72A539AA5EB4D3 /* Pods_merlinAppTests.framework */; };
/* End PBXBuildFile section */

/* Begin PBXContainerItemProxy section */
		A291D0AF218205E4002112D4 /* PBXContainerItemProxy */ = {
			isa = PBXContainerItemProxy;
			containerPortal = A2A90C6F217E3BC9007DF3EB /* Pods.xcodeproj */;
			proxyType = 2;
			remoteGlobalIDString = FFB17176D4DE4EC93865BFF9051B436D;
			remoteInfo = AlertBar;
		};
		A291D0C7218252C1002112D4 /* PBXContainerItemProxy */ = {
			isa = PBXContainerItemProxy;
			containerPortal = A2A90C6F217E3BC9007DF3EB /* Pods.xcodeproj */;
			proxyType = 2;
			remoteGlobalIDString = 5306CD91979602DE962049EFA3226FE0;
			remoteInfo = SwiftyJSON;
		};
		A2A90C81217E3BC9007DF3EB /* PBXContainerItemProxy */ = {
			isa = PBXContainerItemProxy;
			containerPortal = A2A90C6F217E3BC9007DF3EB /* Pods.xcodeproj */;
			proxyType = 2;
			remoteGlobalIDString = 43BFA80DC5E80D8285397FC952221701;
			remoteInfo = Alamofire;
		};
		A2A90C83217E3BC9007DF3EB /* PBXContainerItemProxy */ = {
			isa = PBXContainerItemProxy;
			containerPortal = A2A90C6F217E3BC9007DF3EB /* Pods.xcodeproj */;
			proxyType = 2;
			remoteGlobalIDString = 5E8B5FD1A921F2DB721E23A25C535AEA;
			remoteInfo = AlamofireImage;
		};
		A2A90C85217E3BC9007DF3EB /* PBXContainerItemProxy */ = {
			isa = PBXContainerItemProxy;
			containerPortal = A2A90C6F217E3BC9007DF3EB /* Pods.xcodeproj */;
			proxyType = 2;
			remoteGlobalIDString = 233D195BE4111B7B936308E764A88F50;
			remoteInfo = AlamofireObjectMapper;
		};
		A2A90C87217E3BC9007DF3EB /* PBXContainerItemProxy */ = {
			isa = PBXContainerItemProxy;
			containerPortal = A2A90C6F217E3BC9007DF3EB /* Pods.xcodeproj */;
			proxyType = 2;
			remoteGlobalIDString = A7230169C2E2C7A8B2DDBCCE390330FC;
			remoteInfo = "lottie-ios";
		};
		A2A90C89217E3BC9007DF3EB /* PBXContainerItemProxy */ = {
			isa = PBXContainerItemProxy;
			containerPortal = A2A90C6F217E3BC9007DF3EB /* Pods.xcodeproj */;
			proxyType = 2;
			remoteGlobalIDString = D9156F1FBB702720C0DA296C67D286DC;
			remoteInfo = Material;
		};
		A2A90C8B217E3BC9007DF3EB /* PBXContainerItemProxy */ = {
			isa = PBXContainerItemProxy;
			containerPortal = A2A90C6F217E3BC9007DF3EB /* Pods.xcodeproj */;
			proxyType = 2;
			remoteGlobalIDString = A0A2CFEC8647F1B6839B0F9E3721FECA;
			remoteInfo = "Material-com.cosmicmind.material.fonts";
		};
		A2A90C8D217E3BC9007DF3EB /* PBXContainerItemProxy */ = {
			isa = PBXContainerItemProxy;
			containerPortal = A2A90C6F217E3BC9007DF3EB /* Pods.xcodeproj */;
			proxyType = 2;
			remoteGlobalIDString = A15C10A25E50D1BEA0DB0C7464E9B6BA;
			remoteInfo = "Material-com.cosmicmind.material.icons";
		};
		A2A90C8F217E3BC9007DF3EB /* PBXContainerItemProxy */ = {
			isa = PBXContainerItemProxy;
			containerPortal = A2A90C6F217E3BC9007DF3EB /* Pods.xcodeproj */;
			proxyType = 2;
			remoteGlobalIDString = 8244E0F7F9CEEBD683784EB5A0550E10;
			remoteInfo = Motion;
		};
		A2A90C91217E3BC9007DF3EB /* PBXContainerItemProxy */ = {
			isa = PBXContainerItemProxy;
			containerPortal = A2A90C6F217E3BC9007DF3EB /* Pods.xcodeproj */;
			proxyType = 2;
			remoteGlobalIDString = 6688BE1FFF38DDB1FF0380CE29485A68;
			remoteInfo = ObjectMapper;
		};
		A2A90C93217E3BC9007DF3EB /* PBXContainerItemProxy */ = {
			isa = PBXContainerItemProxy;
			containerPortal = A2A90C6F217E3BC9007DF3EB /* Pods.xcodeproj */;
			proxyType = 2;
			remoteGlobalIDString = 3A2B66AB81F5964CF112B078136D8F7C;
			remoteInfo = "Pods-merlinApp";
		};
		A2A90C95217E3BC9007DF3EB /* PBXContainerItemProxy */ = {
			isa = PBXContainerItemProxy;
			containerPortal = A2A90C6F217E3BC9007DF3EB /* Pods.xcodeproj */;
			proxyType = 2;
			remoteGlobalIDString = CB7541D5BB31A8BE2DEBB28A92507BA2;
			remoteInfo = "Pods-merlinAppTests";
		};
		A2A90C97217E3BC9007DF3EB /* PBXContainerItemProxy */ = {
			isa = PBXContainerItemProxy;
			containerPortal = A2A90C6F217E3BC9007DF3EB /* Pods.xcodeproj */;
			proxyType = 2;
			remoteGlobalIDString = 280D8141479B7B567728A37FC83B23CD;
			remoteInfo = "Pods-merlinAppUITests";
		};
		A2A90C9B217E3BC9007DF3EB /* PBXContainerItemProxy */ = {
			isa = PBXContainerItemProxy;
			containerPortal = A2A90C6F217E3BC9007DF3EB /* Pods.xcodeproj */;
			proxyType = 2;
			remoteGlobalIDString = 0A93D5271D1D05303860114E56BD86AC;
			remoteInfo = Realm;
		};
		A2A90C9D217E3BC9007DF3EB /* PBXContainerItemProxy */ = {
			isa = PBXContainerItemProxy;
			containerPortal = A2A90C6F217E3BC9007DF3EB /* Pods.xcodeproj */;
			proxyType = 2;
			remoteGlobalIDString = 774E18A0838952678204D515C53D7A90;
			remoteInfo = RealmSwift;
		};
		A2A90CB5217E6C29007DF3EB /* PBXContainerItemProxy */ = {
			isa = PBXContainerItemProxy;
			containerPortal = A2A90C6F217E3BC9007DF3EB /* Pods.xcodeproj */;
			proxyType = 2;
			remoteGlobalIDString = 6249987F2F9A717A326E2DD9C4618C46;
			remoteInfo = GooglePlacesAPI;
		};
		A2CA84F2217E14D700242A6C /* PBXContainerItemProxy */ = {
			isa = PBXContainerItemProxy;
			containerPortal = A2CA84D2217E14D500242A6C /* Project object */;
			proxyType = 1;
			remoteGlobalIDString = A2CA84D9217E14D500242A6C;
			remoteInfo = merlinApp;
		};
		A2CA84FD217E14D700242A6C /* PBXContainerItemProxy */ = {
			isa = PBXContainerItemProxy;
			containerPortal = A2CA84D2217E14D500242A6C /* Project object */;
			proxyType = 1;
			remoteGlobalIDString = A2CA84D9217E14D500242A6C;
			remoteInfo = merlinApp;
		};
		A2D0DF6B2180C1C8006943CA /* PBXContainerItemProxy */ = {
			isa = PBXContainerItemProxy;
			containerPortal = A2A90C6F217E3BC9007DF3EB /* Pods.xcodeproj */;
			proxyType = 2;
			remoteGlobalIDString = 39FA8F1BB4BA51FBD66A44FA58791FA6;
			remoteInfo = ProgressiveAlertView;
		};
/* End PBXContainerItemProxy section */

/* Begin PBXFileReference section */
		477765481D674EFF4A1C9ACA /* Pods-merlinApp.release.xcconfig */ = {isa = PBXFileReference; includeInIndex = 1; lastKnownFileType = text.xcconfig; name = "Pods-merlinApp.release.xcconfig"; path = "Pods/Target Support Files/Pods-merlinApp/Pods-merlinApp.release.xcconfig"; sourceTree = "<group>"; };
		5261A3B4218171AA0012574A /* BottomSheetCellVM.swift */ = {isa = PBXFileReference; lastKnownFileType = sourcecode.swift; path = BottomSheetCellVM.swift; sourceTree = "<group>"; };
		5261A3B8218194CA0012574A /* location_signal_rev.json */ = {isa = PBXFileReference; fileEncoding = 4; lastKnownFileType = text.json; path = location_signal_rev.json; sourceTree = "<group>"; };
		5261A3B9218194CA0012574A /* world_locations.json */ = {isa = PBXFileReference; fileEncoding = 4; lastKnownFileType = text.json; path = world_locations.json; sourceTree = "<group>"; };
		58A3FE59A319D939DFF5E150 /* Pods_merlinApp.framework */ = {isa = PBXFileReference; explicitFileType = wrapper.framework; includeInIndex = 0; path = Pods_merlinApp.framework; sourceTree = BUILT_PRODUCTS_DIR; };
		692D0F940CFF86C1280DF7E7 /* Pods-merlinAppUITests.release.xcconfig */ = {isa = PBXFileReference; includeInIndex = 1; lastKnownFileType = text.xcconfig; name = "Pods-merlinAppUITests.release.xcconfig"; path = "Pods/Target Support Files/Pods-merlinAppUITests/Pods-merlinAppUITests.release.xcconfig"; sourceTree = "<group>"; };
		81140B414ED780F2C51273E5 /* Pods-merlinAppUITests.debug.xcconfig */ = {isa = PBXFileReference; includeInIndex = 1; lastKnownFileType = text.xcconfig; name = "Pods-merlinAppUITests.debug.xcconfig"; path = "Pods/Target Support Files/Pods-merlinAppUITests/Pods-merlinAppUITests.debug.xcconfig"; sourceTree = "<group>"; };
		8256B7600E1DBCF2301D7A5D /* Pods-merlinAppTests.release.xcconfig */ = {isa = PBXFileReference; includeInIndex = 1; lastKnownFileType = text.xcconfig; name = "Pods-merlinAppTests.release.xcconfig"; path = "Pods/Target Support Files/Pods-merlinAppTests/Pods-merlinAppTests.release.xcconfig"; sourceTree = "<group>"; };
		9C9D275EBF5E19E88589A44F /* Pods_merlinAppUITests.framework */ = {isa = PBXFileReference; explicitFileType = wrapper.framework; includeInIndex = 0; path = Pods_merlinAppUITests.framework; sourceTree = BUILT_PRODUCTS_DIR; };
		A28E3CCD217E2C48006E36EB /* Constants.swift */ = {isa = PBXFileReference; lastKnownFileType = sourcecode.swift; path = Constants.swift; sourceTree = "<group>"; };
		A291D0B3218252C0002112D4 /* Localizable.strings */ = {isa = PBXFileReference; lastKnownFileType = text.plist.strings; path = Localizable.strings; sourceTree = "<group>"; };
		A291D0C92182573E002112D4 /* empty_box.json */ = {isa = PBXFileReference; fileEncoding = 4; lastKnownFileType = text.json; path = empty_box.json; sourceTree = "<group>"; };
		A2960CE9217F782300063C53 /* HomeMapVM.swift */ = {isa = PBXFileReference; lastKnownFileType = sourcecode.swift; path = HomeMapVM.swift; sourceTree = "<group>"; };
		A2960CEB217F80C000063C53 /* Place.swift */ = {isa = PBXFileReference; lastKnownFileType = sourcecode.swift; path = Place.swift; sourceTree = "<group>"; };
		A2960CED217F814200063C53 /* PlaceLocation.swift */ = {isa = PBXFileReference; lastKnownFileType = sourcecode.swift; path = PlaceLocation.swift; sourceTree = "<group>"; };
		A2960CF0217F828F00063C53 /* Services.swift */ = {isa = PBXFileReference; lastKnownFileType = sourcecode.swift; path = Services.swift; sourceTree = "<group>"; };
		A2960CF2217FB1C100063C53 /* BottomPlaceSheetVM.swift */ = {isa = PBXFileReference; lastKnownFileType = sourcecode.swift; path = BottomPlaceSheetVM.swift; sourceTree = "<group>"; };
		A2960CF4217FCD5F00063C53 /* IntTransform.swift */ = {isa = PBXFileReference; lastKnownFileType = sourcecode.swift; path = IntTransform.swift; sourceTree = "<group>"; };
		A2A90C6F217E3BC9007DF3EB /* Pods.xcodeproj */ = {isa = PBXFileReference; lastKnownFileType = "wrapper.pb-project"; name = Pods.xcodeproj; path = Pods/Pods.xcodeproj; sourceTree = "<group>"; };
		A2A90C9F217E3F25007DF3EB /* BottomPlaceSheetViewController.swift */ = {isa = PBXFileReference; lastKnownFileType = sourcecode.swift; path = BottomPlaceSheetViewController.swift; sourceTree = "<group>"; };
		A2A90CA1217E489F007DF3EB /* BottomSheetCell.swift */ = {isa = PBXFileReference; lastKnownFileType = sourcecode.swift; path = BottomSheetCell.swift; sourceTree = "<group>"; };
		A2A90CB7217F600D007DF3EB /* MapLocation.swift */ = {isa = PBXFileReference; lastKnownFileType = sourcecode.swift; path = MapLocation.swift; sourceTree = "<group>"; };
		A2B376172180C229002DC84A /* Utils.swift */ = {isa = PBXFileReference; lastKnownFileType = sourcecode.swift; path = Utils.swift; sourceTree = "<group>"; };
		A2B3762C2180CF50002DC84A /* loading.json */ = {isa = PBXFileReference; lastKnownFileType = text.json; path = loading.json; sourceTree = "<group>"; };
		A2B376302180E0CE002DC84A /* Icons.swift */ = {isa = PBXFileReference; lastKnownFileType = sourcecode.swift; path = Icons.swift; sourceTree = "<group>"; };
		A2CA84DA217E14D500242A6C /* merlinApp.app */ = {isa = PBXFileReference; explicitFileType = wrapper.application; includeInIndex = 0; path = merlinApp.app; sourceTree = BUILT_PRODUCTS_DIR; };
		A2CA84DD217E14D500242A6C /* AppDelegate.swift */ = {isa = PBXFileReference; lastKnownFileType = sourcecode.swift; path = AppDelegate.swift; sourceTree = "<group>"; };
		A2CA84DF217E14D500242A6C /* HomeMapController.swift */ = {isa = PBXFileReference; lastKnownFileType = sourcecode.swift; path = HomeMapController.swift; sourceTree = "<group>"; };
		A2CA84E2217E14D500242A6C /* Base */ = {isa = PBXFileReference; lastKnownFileType = file.storyboard; name = Base; path = Base.lproj/Main.storyboard; sourceTree = "<group>"; };
		A2CA84E5217E14D500242A6C /* merlinApp.xcdatamodel */ = {isa = PBXFileReference; lastKnownFileType = wrapper.xcdatamodel; path = merlinApp.xcdatamodel; sourceTree = "<group>"; };
		A2CA84E7217E14D700242A6C /* Assets.xcassets */ = {isa = PBXFileReference; lastKnownFileType = folder.assetcatalog; path = Assets.xcassets; sourceTree = "<group>"; };
		A2CA84EA217E14D700242A6C /* Base */ = {isa = PBXFileReference; lastKnownFileType = file.storyboard; name = Base; path = Base.lproj/LaunchScreen.storyboard; sourceTree = "<group>"; };
		A2CA84EC217E14D700242A6C /* Info.plist */ = {isa = PBXFileReference; lastKnownFileType = text.plist.xml; path = Info.plist; sourceTree = "<group>"; };
		A2CA84F1217E14D700242A6C /* merlinAppTests.xctest */ = {isa = PBXFileReference; explicitFileType = wrapper.cfbundle; includeInIndex = 0; path = merlinAppTests.xctest; sourceTree = BUILT_PRODUCTS_DIR; };
		A2CA84F5217E14D700242A6C /* merlinAppTests.swift */ = {isa = PBXFileReference; lastKnownFileType = sourcecode.swift; path = merlinAppTests.swift; sourceTree = "<group>"; };
		A2CA84F7217E14D700242A6C /* Info.plist */ = {isa = PBXFileReference; lastKnownFileType = text.plist.xml; path = Info.plist; sourceTree = "<group>"; };
		A2CA84FC217E14D700242A6C /* merlinAppUITests.xctest */ = {isa = PBXFileReference; explicitFileType = wrapper.cfbundle; includeInIndex = 0; path = merlinAppUITests.xctest; sourceTree = BUILT_PRODUCTS_DIR; };
		A2CA8500217E14D700242A6C /* merlinAppUITests.swift */ = {isa = PBXFileReference; lastKnownFileType = sourcecode.swift; path = merlinAppUITests.swift; sourceTree = "<group>"; };
		A2CA8502217E14D700242A6C /* Info.plist */ = {isa = PBXFileReference; lastKnownFileType = text.plist.xml; path = Info.plist; sourceTree = "<group>"; };
		C832E2720E72A539AA5EB4D3 /* Pods_merlinAppTests.framework */ = {isa = PBXFileReference; explicitFileType = wrapper.framework; includeInIndex = 0; path = Pods_merlinAppTests.framework; sourceTree = BUILT_PRODUCTS_DIR; };
		E906B6A8943C50B5EE943FDE /* Pods-merlinAppTests.debug.xcconfig */ = {isa = PBXFileReference; includeInIndex = 1; lastKnownFileType = text.xcconfig; name = "Pods-merlinAppTests.debug.xcconfig"; path = "Pods/Target Support Files/Pods-merlinAppTests/Pods-merlinAppTests.debug.xcconfig"; sourceTree = "<group>"; };
		FA084E18D54ADF25D3A6041B /* Pods-merlinApp.debug.xcconfig */ = {isa = PBXFileReference; includeInIndex = 1; lastKnownFileType = text.xcconfig; name = "Pods-merlinApp.debug.xcconfig"; path = "Pods/Target Support Files/Pods-merlinApp/Pods-merlinApp.debug.xcconfig"; sourceTree = "<group>"; };
/* End PBXFileReference section */

/* Begin PBXFrameworksBuildPhase section */
		A2CA84D7217E14D500242A6C /* Frameworks */ = {
			isa = PBXFrameworksBuildPhase;
			buildActionMask = 2147483647;
			files = (
				BA2D4A7C154A05366228CF29 /* Pods_merlinApp.framework in Frameworks */,
			);
			runOnlyForDeploymentPostprocessing = 0;
		};
		A2CA84EE217E14D700242A6C /* Frameworks */ = {
			isa = PBXFrameworksBuildPhase;
			buildActionMask = 2147483647;
			files = (
				DC78A0B7F0F09C05685B010A /* Pods_merlinAppTests.framework in Frameworks */,
			);
			runOnlyForDeploymentPostprocessing = 0;
		};
		A2CA84F9217E14D700242A6C /* Frameworks */ = {
			isa = PBXFrameworksBuildPhase;
			buildActionMask = 2147483647;
			files = (
				D00D8DBB003BA0FEF86530E3 /* Pods_merlinAppUITests.framework in Frameworks */,
			);
			runOnlyForDeploymentPostprocessing = 0;
		};
/* End PBXFrameworksBuildPhase section */

/* Begin PBXGroup section */
		10639FFC7F89A22A834875D0 /* Frameworks */ = {
			isa = PBXGroup;
			children = (
				A2A90C6F217E3BC9007DF3EB /* Pods.xcodeproj */,
				58A3FE59A319D939DFF5E150 /* Pods_merlinApp.framework */,
				C832E2720E72A539AA5EB4D3 /* Pods_merlinAppTests.framework */,
				9C9D275EBF5E19E88589A44F /* Pods_merlinAppUITests.framework */,
			);
			name = Frameworks;
			sourceTree = "<group>";
		};
		374209D0D0627C2CA29C8BCF /* Pods */ = {
			isa = PBXGroup;
			children = (
				FA084E18D54ADF25D3A6041B /* Pods-merlinApp.debug.xcconfig */,
				477765481D674EFF4A1C9ACA /* Pods-merlinApp.release.xcconfig */,
				E906B6A8943C50B5EE943FDE /* Pods-merlinAppTests.debug.xcconfig */,
				8256B7600E1DBCF2301D7A5D /* Pods-merlinAppTests.release.xcconfig */,
				81140B414ED780F2C51273E5 /* Pods-merlinAppUITests.debug.xcconfig */,
				692D0F940CFF86C1280DF7E7 /* Pods-merlinAppUITests.release.xcconfig */,
			);
			name = Pods;
			sourceTree = "<group>";
		};
		A2960CEF217F827C00063C53 /* IO */ = {
			isa = PBXGroup;
			children = (
				A2960CF0217F828F00063C53 /* Services.swift */,
				A2960CF4217FCD5F00063C53 /* IntTransform.swift */,
				A2B376172180C229002DC84A /* Utils.swift */,
			);
			path = IO;
			sourceTree = "<group>";
		};
		A2A90C70217E3BC9007DF3EB /* Products */ = {
			isa = PBXGroup;
			children = (
				A2A90C82217E3BC9007DF3EB /* Alamofire.framework */,
				A2A90C84217E3BC9007DF3EB /* AlamofireImage.framework */,
				A2A90C86217E3BC9007DF3EB /* AlamofireObjectMapper.framework */,
				A291D0B0218205E4002112D4 /* AlertBar.framework */,
				A2A90CB6217E6C29007DF3EB /* GooglePlacesAPI.framework */,
				A2A90C88217E3BC9007DF3EB /* Lottie.framework */,
				A2A90C8A217E3BC9007DF3EB /* Material.framework */,
				A2A90C8C217E3BC9007DF3EB /* com.cosmicmind.material.fonts.bundle */,
				A2A90C8E217E3BC9007DF3EB /* com.cosmicmind.material.icons.bundle */,
				A2A90C90217E3BC9007DF3EB /* Motion.framework */,
				A2A90C92217E3BC9007DF3EB /* ObjectMapper.framework */,
				A2A90C94217E3BC9007DF3EB /* Pods_merlinApp.framework */,
				A2A90C96217E3BC9007DF3EB /* Pods_merlinAppTests.framework */,
				A2A90C98217E3BC9007DF3EB /* Pods_merlinAppUITests.framework */,
				A2D0DF6C2180C1C8006943CA /* ProgressiveAlertView.framework */,
				A2A90C9C217E3BC9007DF3EB /* Realm.framework */,
				A2A90C9E217E3BC9007DF3EB /* RealmSwift.framework */,
				A291D0C8218252C1002112D4 /* SwiftyJSON.framework */,
			);
			name = Products;
			sourceTree = "<group>";
		};
		A2B3762B2180CEDD002DC84A /* LottieAnims */ = {
			isa = PBXGroup;
			children = (
				A291D0C92182573E002112D4 /* empty_box.json */,
				5261A3B8218194CA0012574A /* location_signal_rev.json */,
				5261A3B9218194CA0012574A /* world_locations.json */,
				A2B3762C2180CF50002DC84A /* loading.json */,
			);
			path = LottieAnims;
			sourceTree = "<group>";
		};
		A2CA84D1217E14D500242A6C = {
			isa = PBXGroup;
			children = (
				A2CA84DC217E14D500242A6C /* merlinApp */,
				A2CA84F4217E14D700242A6C /* merlinAppTests */,
				A2CA84FF217E14D700242A6C /* merlinAppUITests */,
				A2CA84DB217E14D500242A6C /* Products */,
				374209D0D0627C2CA29C8BCF /* Pods */,
				10639FFC7F89A22A834875D0 /* Frameworks */,
			);
			sourceTree = "<group>";
		};
		A2CA84DB217E14D500242A6C /* Products */ = {
			isa = PBXGroup;
			children = (
				A2CA84DA217E14D500242A6C /* merlinApp.app */,
				A2CA84F1217E14D700242A6C /* merlinAppTests.xctest */,
				A2CA84FC217E14D700242A6C /* merlinAppUITests.xctest */,
			);
			name = Products;
			sourceTree = "<group>";
		};
		A2CA84DC217E14D500242A6C /* merlinApp */ = {
			isa = PBXGroup;
			children = (
				A2CA84EC217E14D700242A6C /* Info.plist */,
				A2CA8511217E174400242A6C /* supportFiles */,
				A2CA8510217E173A00242A6C /* ViewModel */,
				A2CA850F217E173300242A6C /* Model */,
				A2CA850E217E172700242A6C /* View */,
				A2CA84E4217E14D500242A6C /* merlinApp.xcdatamodeld */,
			);
			path = merlinApp;
			sourceTree = "<group>";
		};
		A2CA84F4217E14D700242A6C /* merlinAppTests */ = {
			isa = PBXGroup;
			children = (
				A2CA84F5217E14D700242A6C /* merlinAppTests.swift */,
				A2CA84F7217E14D700242A6C /* Info.plist */,
			);
			path = merlinAppTests;
			sourceTree = "<group>";
		};
		A2CA84FF217E14D700242A6C /* merlinAppUITests */ = {
			isa = PBXGroup;
			children = (
				A2CA8500217E14D700242A6C /* merlinAppUITests.swift */,
				A2CA8502217E14D700242A6C /* Info.plist */,
			);
			path = merlinAppUITests;
			sourceTree = "<group>";
		};
		A2CA850E217E172700242A6C /* View */ = {
			isa = PBXGroup;
			children = (
				A2CA84E9217E14D700242A6C /* LaunchScreen.storyboard */,
				A2CA84E1217E14D500242A6C /* Main.storyboard */,
				A2CA84DF217E14D500242A6C /* HomeMapController.swift */,
				A2A90C9F217E3F25007DF3EB /* BottomPlaceSheetViewController.swift */,
				A2A90CA1217E489F007DF3EB /* BottomSheetCell.swift */,
			);
			path = View;
			sourceTree = "<group>";
		};
		A2CA850F217E173300242A6C /* Model */ = {
			isa = PBXGroup;
			children = (
				A2960CEF217F827C00063C53 /* IO */,
				A2B376302180E0CE002DC84A /* Icons.swift */,
				A2A90CB7217F600D007DF3EB /* MapLocation.swift */,
				A2960CEB217F80C000063C53 /* Place.swift */,
				A2960CED217F814200063C53 /* PlaceLocation.swift */,
			);
			path = Model;
			sourceTree = "<group>";
		};
		A2CA8510217E173A00242A6C /* ViewModel */ = {
			isa = PBXGroup;
			children = (
				A2960CE9217F782300063C53 /* HomeMapVM.swift */,
				A2960CF2217FB1C100063C53 /* BottomPlaceSheetVM.swift */,
				5261A3B4218171AA0012574A /* BottomSheetCellVM.swift */,
			);
			path = ViewModel;
			sourceTree = "<group>";
		};
		A2CA8511217E174400242A6C /* supportFiles */ = {
			isa = PBXGroup;
			children = (
				A2B3762B2180CEDD002DC84A /* LottieAnims */,
				A2CA84E7217E14D700242A6C /* Assets.xcassets */,
				A2CA84DD217E14D500242A6C /* AppDelegate.swift */,
				A28E3CCD217E2C48006E36EB /* Constants.swift */,
				A291D0B3218252C0002112D4 /* Localizable.strings */,
			);
			path = supportFiles;
			sourceTree = "<group>";
		};
/* End PBXGroup section */

/* Begin PBXNativeTarget section */
		A2CA84D9217E14D500242A6C /* merlinApp */ = {
			isa = PBXNativeTarget;
			buildConfigurationList = A2CA8505217E14D700242A6C /* Build configuration list for PBXNativeTarget "merlinApp" */;
			buildPhases = (
				8BF88B9CB2771FC2CEEE4434 /* [CP] Check Pods Manifest.lock */,
				A2CA84D6217E14D500242A6C /* Sources */,
				A2CA84D7217E14D500242A6C /* Frameworks */,
				A2CA84D8217E14D500242A6C /* Resources */,
				CCEE66C2E6F48FD6249D8E47 /* [CP] Embed Pods Frameworks */,
				F365E3FA44FA9B5E827D1292 /* [CP] Copy Pods Resources */,
			);
			buildRules = (
			);
			dependencies = (
			);
			name = merlinApp;
			productName = merlinApp;
			productReference = A2CA84DA217E14D500242A6C /* merlinApp.app */;
			productType = "com.apple.product-type.application";
		};
		A2CA84F0217E14D700242A6C /* merlinAppTests */ = {
			isa = PBXNativeTarget;
			buildConfigurationList = A2CA8508217E14D700242A6C /* Build configuration list for PBXNativeTarget "merlinAppTests" */;
			buildPhases = (
				CFC877076DA48A5B1052FF2C /* [CP] Check Pods Manifest.lock */,
				A2CA84ED217E14D700242A6C /* Sources */,
				A2CA84EE217E14D700242A6C /* Frameworks */,
				A2CA84EF217E14D700242A6C /* Resources */,
			);
			buildRules = (
			);
			dependencies = (
				A2CA84F3217E14D700242A6C /* PBXTargetDependency */,
			);
			name = merlinAppTests;
			productName = merlinAppTests;
			productReference = A2CA84F1217E14D700242A6C /* merlinAppTests.xctest */;
			productType = "com.apple.product-type.bundle.unit-test";
		};
		A2CA84FB217E14D700242A6C /* merlinAppUITests */ = {
			isa = PBXNativeTarget;
			buildConfigurationList = A2CA850B217E14D700242A6C /* Build configuration list for PBXNativeTarget "merlinAppUITests" */;
			buildPhases = (
				88951BD57CE3FF0D68F2485C /* [CP] Check Pods Manifest.lock */,
				A2CA84F8217E14D700242A6C /* Sources */,
				A2CA84F9217E14D700242A6C /* Frameworks */,
				A2CA84FA217E14D700242A6C /* Resources */,
			);
			buildRules = (
			);
			dependencies = (
				A2CA84FE217E14D700242A6C /* PBXTargetDependency */,
			);
			name = merlinAppUITests;
			productName = merlinAppUITests;
			productReference = A2CA84FC217E14D700242A6C /* merlinAppUITests.xctest */;
			productType = "com.apple.product-type.bundle.ui-testing";
		};
/* End PBXNativeTarget section */

/* Begin PBXProject section */
		A2CA84D2217E14D500242A6C /* Project object */ = {
			isa = PBXProject;
			attributes = {
				LastSwiftUpdateCheck = 0940;
				LastUpgradeCheck = 0940;
				ORGANIZATIONNAME = Devp.ios;
				TargetAttributes = {
					A2CA84D9217E14D500242A6C = {
						CreatedOnToolsVersion = 9.4.1;
					};
					A2CA84F0217E14D700242A6C = {
						CreatedOnToolsVersion = 9.4.1;
						TestTargetID = A2CA84D9217E14D500242A6C;
					};
					A2CA84FB217E14D700242A6C = {
						CreatedOnToolsVersion = 9.4.1;
						TestTargetID = A2CA84D9217E14D500242A6C;
					};
				};
			};
			buildConfigurationList = A2CA84D5217E14D500242A6C /* Build configuration list for PBXProject "merlinApp" */;
			compatibilityVersion = "Xcode 9.3";
			developmentRegion = en;
			hasScannedForEncodings = 0;
			knownRegions = (
				en,
				Base,
			);
			mainGroup = A2CA84D1217E14D500242A6C;
			productRefGroup = A2CA84DB217E14D500242A6C /* Products */;
			projectDirPath = "";
			projectReferences = (
				{
					ProductGroup = A2A90C70217E3BC9007DF3EB /* Products */;
					ProjectRef = A2A90C6F217E3BC9007DF3EB /* Pods.xcodeproj */;
				},
			);
			projectRoot = "";
			targets = (
				A2CA84D9217E14D500242A6C /* merlinApp */,
				A2CA84F0217E14D700242A6C /* merlinAppTests */,
				A2CA84FB217E14D700242A6C /* merlinAppUITests */,
			);
		};
/* End PBXProject section */

/* Begin PBXReferenceProxy section */
		A291D0B0218205E4002112D4 /* AlertBar.framework */ = {
			isa = PBXReferenceProxy;
			fileType = wrapper.framework;
			path = AlertBar.framework;
			remoteRef = A291D0AF218205E4002112D4 /* PBXContainerItemProxy */;
			sourceTree = BUILT_PRODUCTS_DIR;
		};
		A291D0C8218252C1002112D4 /* SwiftyJSON.framework */ = {
			isa = PBXReferenceProxy;
			fileType = wrapper.framework;
			path = SwiftyJSON.framework;
			remoteRef = A291D0C7218252C1002112D4 /* PBXContainerItemProxy */;
			sourceTree = BUILT_PRODUCTS_DIR;
		};
		A2A90C82217E3BC9007DF3EB /* Alamofire.framework */ = {
			isa = PBXReferenceProxy;
			fileType = wrapper.framework;
			path = Alamofire.framework;
			remoteRef = A2A90C81217E3BC9007DF3EB /* PBXContainerItemProxy */;
			sourceTree = BUILT_PRODUCTS_DIR;
		};
		A2A90C84217E3BC9007DF3EB /* AlamofireImage.framework */ = {
			isa = PBXReferenceProxy;
			fileType = wrapper.framework;
			path = AlamofireImage.framework;
			remoteRef = A2A90C83217E3BC9007DF3EB /* PBXContainerItemProxy */;
			sourceTree = BUILT_PRODUCTS_DIR;
		};
		A2A90C86217E3BC9007DF3EB /* AlamofireObjectMapper.framework */ = {
			isa = PBXReferenceProxy;
			fileType = wrapper.framework;
			path = AlamofireObjectMapper.framework;
			remoteRef = A2A90C85217E3BC9007DF3EB /* PBXContainerItemProxy */;
			sourceTree = BUILT_PRODUCTS_DIR;
		};
		A2A90C88217E3BC9007DF3EB /* Lottie.framework */ = {
			isa = PBXReferenceProxy;
			fileType = wrapper.framework;
			path = Lottie.framework;
			remoteRef = A2A90C87217E3BC9007DF3EB /* PBXContainerItemProxy */;
			sourceTree = BUILT_PRODUCTS_DIR;
		};
		A2A90C8A217E3BC9007DF3EB /* Material.framework */ = {
			isa = PBXReferenceProxy;
			fileType = wrapper.framework;
			path = Material.framework;
			remoteRef = A2A90C89217E3BC9007DF3EB /* PBXContainerItemProxy */;
			sourceTree = BUILT_PRODUCTS_DIR;
		};
		A2A90C8C217E3BC9007DF3EB /* com.cosmicmind.material.fonts.bundle */ = {
			isa = PBXReferenceProxy;
			fileType = wrapper.cfbundle;
			path = com.cosmicmind.material.fonts.bundle;
			remoteRef = A2A90C8B217E3BC9007DF3EB /* PBXContainerItemProxy */;
			sourceTree = BUILT_PRODUCTS_DIR;
		};
		A2A90C8E217E3BC9007DF3EB /* com.cosmicmind.material.icons.bundle */ = {
			isa = PBXReferenceProxy;
			fileType = wrapper.cfbundle;
			path = com.cosmicmind.material.icons.bundle;
			remoteRef = A2A90C8D217E3BC9007DF3EB /* PBXContainerItemProxy */;
			sourceTree = BUILT_PRODUCTS_DIR;
		};
		A2A90C90217E3BC9007DF3EB /* Motion.framework */ = {
			isa = PBXReferenceProxy;
			fileType = wrapper.framework;
			path = Motion.framework;
			remoteRef = A2A90C8F217E3BC9007DF3EB /* PBXContainerItemProxy */;
			sourceTree = BUILT_PRODUCTS_DIR;
		};
		A2A90C92217E3BC9007DF3EB /* ObjectMapper.framework */ = {
			isa = PBXReferenceProxy;
			fileType = wrapper.framework;
			path = ObjectMapper.framework;
			remoteRef = A2A90C91217E3BC9007DF3EB /* PBXContainerItemProxy */;
			sourceTree = BUILT_PRODUCTS_DIR;
		};
		A2A90C94217E3BC9007DF3EB /* Pods_merlinApp.framework */ = {
			isa = PBXReferenceProxy;
			fileType = wrapper.framework;
			path = Pods_merlinApp.framework;
			remoteRef = A2A90C93217E3BC9007DF3EB /* PBXContainerItemProxy */;
			sourceTree = BUILT_PRODUCTS_DIR;
		};
		A2A90C96217E3BC9007DF3EB /* Pods_merlinAppTests.framework */ = {
			isa = PBXReferenceProxy;
			fileType = wrapper.framework;
			path = Pods_merlinAppTests.framework;
			remoteRef = A2A90C95217E3BC9007DF3EB /* PBXContainerItemProxy */;
			sourceTree = BUILT_PRODUCTS_DIR;
		};
		A2A90C98217E3BC9007DF3EB /* Pods_merlinAppUITests.framework */ = {
			isa = PBXReferenceProxy;
			fileType = wrapper.framework;
			path = Pods_merlinAppUITests.framework;
			remoteRef = A2A90C97217E3BC9007DF3EB /* PBXContainerItemProxy */;
			sourceTree = BUILT_PRODUCTS_DIR;
		};
		A2A90C9C217E3BC9007DF3EB /* Realm.framework */ = {
			isa = PBXReferenceProxy;
			fileType = wrapper.framework;
			path = Realm.framework;
			remoteRef = A2A90C9B217E3BC9007DF3EB /* PBXContainerItemProxy */;
			sourceTree = BUILT_PRODUCTS_DIR;
		};
		A2A90C9E217E3BC9007DF3EB /* RealmSwift.framework */ = {
			isa = PBXReferenceProxy;
			fileType = wrapper.framework;
			path = RealmSwift.framework;
			remoteRef = A2A90C9D217E3BC9007DF3EB /* PBXContainerItemProxy */;
			sourceTree = BUILT_PRODUCTS_DIR;
		};
		A2A90CB6217E6C29007DF3EB /* GooglePlacesAPI.framework */ = {
			isa = PBXReferenceProxy;
			fileType = wrapper.framework;
			path = GooglePlacesAPI.framework;
			remoteRef = A2A90CB5217E6C29007DF3EB /* PBXContainerItemProxy */;
			sourceTree = BUILT_PRODUCTS_DIR;
		};
		A2D0DF6C2180C1C8006943CA /* ProgressiveAlertView.framework */ = {
			isa = PBXReferenceProxy;
			fileType = wrapper.framework;
			path = ProgressiveAlertView.framework;
			remoteRef = A2D0DF6B2180C1C8006943CA /* PBXContainerItemProxy */;
			sourceTree = BUILT_PRODUCTS_DIR;
		};
/* End PBXReferenceProxy section */

/* Begin PBXResourcesBuildPhase section */
		A2CA84D8217E14D500242A6C /* Resources */ = {
			isa = PBXResourcesBuildPhase;
			buildActionMask = 2147483647;
			files = (
				5261A3BA218194CA0012574A /* location_signal_rev.json in Resources */,
				A2B3762D2180CF51002DC84A /* loading.json in Resources */,
				A2CA84EB217E14D700242A6C /* LaunchScreen.storyboard in Resources */,
				A291D0B4218252C0002112D4 /* Localizable.strings in Resources */,
				A2CA84E8217E14D700242A6C /* Assets.xcassets in Resources */,
				A291D0CA2182573E002112D4 /* empty_box.json in Resources */,
				A2CA84E3217E14D500242A6C /* Main.storyboard in Resources */,
				5261A3BB218194CA0012574A /* world_locations.json in Resources */,
			);
			runOnlyForDeploymentPostprocessing = 0;
		};
		A2CA84EF217E14D700242A6C /* Resources */ = {
			isa = PBXResourcesBuildPhase;
			buildActionMask = 2147483647;
			files = (
			);
			runOnlyForDeploymentPostprocessing = 0;
		};
		A2CA84FA217E14D700242A6C /* Resources */ = {
			isa = PBXResourcesBuildPhase;
			buildActionMask = 2147483647;
			files = (
			);
			runOnlyForDeploymentPostprocessing = 0;
		};
/* End PBXResourcesBuildPhase section */

/* Begin PBXShellScriptBuildPhase section */
		88951BD57CE3FF0D68F2485C /* [CP] Check Pods Manifest.lock */ = {
			isa = PBXShellScriptBuildPhase;
			buildActionMask = 2147483647;
			files = (
			);
			inputPaths = (
				"${PODS_PODFILE_DIR_PATH}/Podfile.lock",
				"${PODS_ROOT}/Manifest.lock",
			);
			name = "[CP] Check Pods Manifest.lock";
			outputPaths = (
				"$(DERIVED_FILE_DIR)/Pods-merlinAppUITests-checkManifestLockResult.txt",
			);
			runOnlyForDeploymentPostprocessing = 0;
			shellPath = /bin/sh;
			shellScript = "diff \"${PODS_PODFILE_DIR_PATH}/Podfile.lock\" \"${PODS_ROOT}/Manifest.lock\" > /dev/null\nif [ $? != 0 ] ; then\n    # print error to STDERR\n    echo \"error: The sandbox is not in sync with the Podfile.lock. Run 'pod install' or update your CocoaPods installation.\" >&2\n    exit 1\nfi\n# This output is used by Xcode 'outputs' to avoid re-running this script phase.\necho \"SUCCESS\" > \"${SCRIPT_OUTPUT_FILE_0}\"\n";
			showEnvVarsInLog = 0;
		};
		8BF88B9CB2771FC2CEEE4434 /* [CP] Check Pods Manifest.lock */ = {
			isa = PBXShellScriptBuildPhase;
			buildActionMask = 2147483647;
			files = (
			);
			inputPaths = (
				"${PODS_PODFILE_DIR_PATH}/Podfile.lock",
				"${PODS_ROOT}/Manifest.lock",
			);
			name = "[CP] Check Pods Manifest.lock";
			outputPaths = (
				"$(DERIVED_FILE_DIR)/Pods-merlinApp-checkManifestLockResult.txt",
			);
			runOnlyForDeploymentPostprocessing = 0;
			shellPath = /bin/sh;
			shellScript = "diff \"${PODS_PODFILE_DIR_PATH}/Podfile.lock\" \"${PODS_ROOT}/Manifest.lock\" > /dev/null\nif [ $? != 0 ] ; then\n    # print error to STDERR\n    echo \"error: The sandbox is not in sync with the Podfile.lock. Run 'pod install' or update your CocoaPods installation.\" >&2\n    exit 1\nfi\n# This output is used by Xcode 'outputs' to avoid re-running this script phase.\necho \"SUCCESS\" > \"${SCRIPT_OUTPUT_FILE_0}\"\n";
			showEnvVarsInLog = 0;
		};
		CCEE66C2E6F48FD6249D8E47 /* [CP] Embed Pods Frameworks */ = {
			isa = PBXShellScriptBuildPhase;
			buildActionMask = 2147483647;
			files = (
			);
			inputPaths = (
				"${SRCROOT}/Pods/Target Support Files/Pods-merlinApp/Pods-merlinApp-frameworks.sh",
				"${BUILT_PRODUCTS_DIR}/Alamofire/Alamofire.framework",
				"${BUILT_PRODUCTS_DIR}/AlamofireImage/AlamofireImage.framework",
				"${BUILT_PRODUCTS_DIR}/AlamofireObjectMapper/AlamofireObjectMapper.framework",
				"${BUILT_PRODUCTS_DIR}/AlertBar/AlertBar.framework",
				"${BUILT_PRODUCTS_DIR}/GooglePlacesAPI/GooglePlacesAPI.framework",
				"${BUILT_PRODUCTS_DIR}/Material/Material.framework",
				"${BUILT_PRODUCTS_DIR}/Motion/Motion.framework",
				"${BUILT_PRODUCTS_DIR}/ObjectMapper/ObjectMapper.framework",
				"${BUILT_PRODUCTS_DIR}/ProgressiveAlertView/ProgressiveAlertView.framework",
				"${BUILT_PRODUCTS_DIR}/Realm/Realm.framework",
				"${BUILT_PRODUCTS_DIR}/RealmSwift/RealmSwift.framework",
				"${BUILT_PRODUCTS_DIR}/SwiftyJSON/SwiftyJSON.framework",
				"${BUILT_PRODUCTS_DIR}/lottie-ios/Lottie.framework",
			);
			name = "[CP] Embed Pods Frameworks";
			outputPaths = (
				"${TARGET_BUILD_DIR}/${FRAMEWORKS_FOLDER_PATH}/Alamofire.framework",
				"${TARGET_BUILD_DIR}/${FRAMEWORKS_FOLDER_PATH}/AlamofireImage.framework",
				"${TARGET_BUILD_DIR}/${FRAMEWORKS_FOLDER_PATH}/AlamofireObjectMapper.framework",
				"${TARGET_BUILD_DIR}/${FRAMEWORKS_FOLDER_PATH}/AlertBar.framework",
				"${TARGET_BUILD_DIR}/${FRAMEWORKS_FOLDER_PATH}/GooglePlacesAPI.framework",
				"${TARGET_BUILD_DIR}/${FRAMEWORKS_FOLDER_PATH}/Material.framework",
				"${TARGET_BUILD_DIR}/${FRAMEWORKS_FOLDER_PATH}/Motion.framework",
				"${TARGET_BUILD_DIR}/${FRAMEWORKS_FOLDER_PATH}/ObjectMapper.framework",
				"${TARGET_BUILD_DIR}/${FRAMEWORKS_FOLDER_PATH}/ProgressiveAlertView.framework",
				"${TARGET_BUILD_DIR}/${FRAMEWORKS_FOLDER_PATH}/Realm.framework",
				"${TARGET_BUILD_DIR}/${FRAMEWORKS_FOLDER_PATH}/RealmSwift.framework",
				"${TARGET_BUILD_DIR}/${FRAMEWORKS_FOLDER_PATH}/SwiftyJSON.framework",
				"${TARGET_BUILD_DIR}/${FRAMEWORKS_FOLDER_PATH}/Lottie.framework",
			);
			runOnlyForDeploymentPostprocessing = 0;
			shellPath = /bin/sh;
			shellScript = "\"${SRCROOT}/Pods/Target Support Files/Pods-merlinApp/Pods-merlinApp-frameworks.sh\"\n";
			showEnvVarsInLog = 0;
		};
		CFC877076DA48A5B1052FF2C /* [CP] Check Pods Manifest.lock */ = {
			isa = PBXShellScriptBuildPhase;
			buildActionMask = 2147483647;
			files = (
			);
			inputPaths = (
				"${PODS_PODFILE_DIR_PATH}/Podfile.lock",
				"${PODS_ROOT}/Manifest.lock",
			);
			name = "[CP] Check Pods Manifest.lock";
			outputPaths = (
				"$(DERIVED_FILE_DIR)/Pods-merlinAppTests-checkManifestLockResult.txt",
			);
			runOnlyForDeploymentPostprocessing = 0;
			shellPath = /bin/sh;
			shellScript = "diff \"${PODS_PODFILE_DIR_PATH}/Podfile.lock\" \"${PODS_ROOT}/Manifest.lock\" > /dev/null\nif [ $? != 0 ] ; then\n    # print error to STDERR\n    echo \"error: The sandbox is not in sync with the Podfile.lock. Run 'pod install' or update your CocoaPods installation.\" >&2\n    exit 1\nfi\n# This output is used by Xcode 'outputs' to avoid re-running this script phase.\necho \"SUCCESS\" > \"${SCRIPT_OUTPUT_FILE_0}\"\n";
			showEnvVarsInLog = 0;
		};
		F365E3FA44FA9B5E827D1292 /* [CP] Copy Pods Resources */ = {
			isa = PBXShellScriptBuildPhase;
			buildActionMask = 2147483647;
			files = (
			);
			inputPaths = (
				"${SRCROOT}/Pods/Target Support Files/Pods-merlinApp/Pods-merlinApp-resources.sh",
				"${PODS_ROOT}/GoogleMaps/Maps/Frameworks/GoogleMaps.framework/Versions/A/Resources/GoogleMaps.bundle",
				"${PODS_ROOT}/GooglePlaces/Frameworks/GooglePlaces.framework/Versions/A/Resources/GooglePlaces.bundle",
			);
			name = "[CP] Copy Pods Resources";
			outputPaths = (
				"${TARGET_BUILD_DIR}/${UNLOCALIZED_RESOURCES_FOLDER_PATH}/GoogleMaps.bundle",
				"${TARGET_BUILD_DIR}/${UNLOCALIZED_RESOURCES_FOLDER_PATH}/GooglePlaces.bundle",
			);
			runOnlyForDeploymentPostprocessing = 0;
			shellPath = /bin/sh;
			shellScript = "\"${SRCROOT}/Pods/Target Support Files/Pods-merlinApp/Pods-merlinApp-resources.sh\"\n";
			showEnvVarsInLog = 0;
		};
/* End PBXShellScriptBuildPhase section */

/* Begin PBXSourcesBuildPhase section */
		A2CA84D6217E14D500242A6C /* Sources */ = {
			isa = PBXSourcesBuildPhase;
			buildActionMask = 2147483647;
			files = (
				A2960CEE217F814200063C53 /* PlaceLocation.swift in Sources */,
				A2CA84E6217E14D500242A6C /* merlinApp.xcdatamodeld in Sources */,
				A2CA84E0217E14D500242A6C /* HomeMapController.swift in Sources */,
				5261A3B5218171AA0012574A /* BottomSheetCellVM.swift in Sources */,
				A2B376312180E0CE002DC84A /* Icons.swift in Sources */,
				A2B376182180C229002DC84A /* Utils.swift in Sources */,
				A2960CF1217F828F00063C53 /* Services.swift in Sources */,
				A2CA84DE217E14D500242A6C /* AppDelegate.swift in Sources */,
				A2960CF5217FCD5F00063C53 /* IntTransform.swift in Sources */,
				A2A90CA0217E3F25007DF3EB /* BottomPlaceSheetViewController.swift in Sources */,
				A2960CEA217F782300063C53 /* HomeMapVM.swift in Sources */,
				A2960CF3217FB1C100063C53 /* BottomPlaceSheetVM.swift in Sources */,
				A2A90CA2217E489F007DF3EB /* BottomSheetCell.swift in Sources */,
				A2960CEC217F80C000063C53 /* Place.swift in Sources */,
				A28E3CCE217E2C48006E36EB /* Constants.swift in Sources */,
				A2A90CB8217F600D007DF3EB /* MapLocation.swift in Sources */,
			);
			runOnlyForDeploymentPostprocessing = 0;
		};
		A2CA84ED217E14D700242A6C /* Sources */ = {
			isa = PBXSourcesBuildPhase;
			buildActionMask = 2147483647;
			files = (
				A2CA84F6217E14D700242A6C /* merlinAppTests.swift in Sources */,
			);
			runOnlyForDeploymentPostprocessing = 0;
		};
		A2CA84F8217E14D700242A6C /* Sources */ = {
			isa = PBXSourcesBuildPhase;
			buildActionMask = 2147483647;
			files = (
				A2CA8501217E14D700242A6C /* merlinAppUITests.swift in Sources */,
			);
			runOnlyForDeploymentPostprocessing = 0;
		};
/* End PBXSourcesBuildPhase section */

/* Begin PBXTargetDependency section */
		A2CA84F3217E14D700242A6C /* PBXTargetDependency */ = {
			isa = PBXTargetDependency;
			target = A2CA84D9217E14D500242A6C /* merlinApp */;
			targetProxy = A2CA84F2217E14D700242A6C /* PBXContainerItemProxy */;
		};
		A2CA84FE217E14D700242A6C /* PBXTargetDependency */ = {
			isa = PBXTargetDependency;
			target = A2CA84D9217E14D500242A6C /* merlinApp */;
			targetProxy = A2CA84FD217E14D700242A6C /* PBXContainerItemProxy */;
		};
/* End PBXTargetDependency section */

/* Begin PBXVariantGroup section */
		A2CA84E1217E14D500242A6C /* Main.storyboard */ = {
			isa = PBXVariantGroup;
			children = (
				A2CA84E2217E14D500242A6C /* Base */,
			);
			name = Main.storyboard;
			sourceTree = "<group>";
		};
		A2CA84E9217E14D700242A6C /* LaunchScreen.storyboard */ = {
			isa = PBXVariantGroup;
			children = (
				A2CA84EA217E14D700242A6C /* Base */,
			);
			name = LaunchScreen.storyboard;
			sourceTree = "<group>";
		};
/* End PBXVariantGroup section */

/* Begin XCBuildConfiguration section */
		A2CA8503217E14D700242A6C /* Debug */ = {
			isa = XCBuildConfiguration;
			buildSettings = {
				ALWAYS_SEARCH_USER_PATHS = NO;
				CLANG_ANALYZER_NONNULL = YES;
				CLANG_ANALYZER_NUMBER_OBJECT_CONVERSION = YES_AGGRESSIVE;
				CLANG_CXX_LANGUAGE_STANDARD = "gnu++14";
				CLANG_CXX_LIBRARY = "libc++";
				CLANG_ENABLE_MODULES = YES;
				CLANG_ENABLE_OBJC_ARC = YES;
				CLANG_ENABLE_OBJC_WEAK = YES;
				CLANG_WARN_BLOCK_CAPTURE_AUTORELEASING = YES;
				CLANG_WARN_BOOL_CONVERSION = YES;
				CLANG_WARN_COMMA = YES;
				CLANG_WARN_CONSTANT_CONVERSION = YES;
				CLANG_WARN_DEPRECATED_OBJC_IMPLEMENTATIONS = YES;
				CLANG_WARN_DIRECT_OBJC_ISA_USAGE = YES_ERROR;
				CLANG_WARN_DOCUMENTATION_COMMENTS = YES;
				CLANG_WARN_EMPTY_BODY = YES;
				CLANG_WARN_ENUM_CONVERSION = YES;
				CLANG_WARN_INFINITE_RECURSION = YES;
				CLANG_WARN_INT_CONVERSION = YES;
				CLANG_WARN_NON_LITERAL_NULL_CONVERSION = YES;
				CLANG_WARN_OBJC_IMPLICIT_RETAIN_SELF = YES;
				CLANG_WARN_OBJC_LITERAL_CONVERSION = YES;
				CLANG_WARN_OBJC_ROOT_CLASS = YES_ERROR;
				CLANG_WARN_RANGE_LOOP_ANALYSIS = YES;
				CLANG_WARN_STRICT_PROTOTYPES = YES;
				CLANG_WARN_SUSPICIOUS_MOVE = YES;
				CLANG_WARN_UNGUARDED_AVAILABILITY = YES_AGGRESSIVE;
				CLANG_WARN_UNREACHABLE_CODE = YES;
				CLANG_WARN__DUPLICATE_METHOD_MATCH = YES;
				CODE_SIGN_IDENTITY = "iPhone Developer";
				COPY_PHASE_STRIP = NO;
				DEBUG_INFORMATION_FORMAT = dwarf;
				ENABLE_STRICT_OBJC_MSGSEND = YES;
				ENABLE_TESTABILITY = YES;
				GCC_C_LANGUAGE_STANDARD = gnu11;
				GCC_DYNAMIC_NO_PIC = NO;
				GCC_NO_COMMON_BLOCKS = YES;
				GCC_OPTIMIZATION_LEVEL = 0;
				GCC_PREPROCESSOR_DEFINITIONS = (
					"DEBUG=1",
					"$(inherited)",
				);
				GCC_WARN_64_TO_32_BIT_CONVERSION = YES;
				GCC_WARN_ABOUT_RETURN_TYPE = YES_ERROR;
				GCC_WARN_UNDECLARED_SELECTOR = YES;
				GCC_WARN_UNINITIALIZED_AUTOS = YES_AGGRESSIVE;
				GCC_WARN_UNUSED_FUNCTION = YES;
				GCC_WARN_UNUSED_VARIABLE = YES;
				IPHONEOS_DEPLOYMENT_TARGET = 11.4;
				MTL_ENABLE_DEBUG_INFO = YES;
				ONLY_ACTIVE_ARCH = YES;
				SDKROOT = iphoneos;
				SWIFT_ACTIVE_COMPILATION_CONDITIONS = DEBUG;
				SWIFT_OPTIMIZATION_LEVEL = "-Onone";
			};
			name = Debug;
		};
		A2CA8504217E14D700242A6C /* Release */ = {
			isa = XCBuildConfiguration;
			buildSettings = {
				ALWAYS_SEARCH_USER_PATHS = NO;
				CLANG_ANALYZER_NONNULL = YES;
				CLANG_ANALYZER_NUMBER_OBJECT_CONVERSION = YES_AGGRESSIVE;
				CLANG_CXX_LANGUAGE_STANDARD = "gnu++14";
				CLANG_CXX_LIBRARY = "libc++";
				CLANG_ENABLE_MODULES = YES;
				CLANG_ENABLE_OBJC_ARC = YES;
				CLANG_ENABLE_OBJC_WEAK = YES;
				CLANG_WARN_BLOCK_CAPTURE_AUTORELEASING = YES;
				CLANG_WARN_BOOL_CONVERSION = YES;
				CLANG_WARN_COMMA = YES;
				CLANG_WARN_CONSTANT_CONVERSION = YES;
				CLANG_WARN_DEPRECATED_OBJC_IMPLEMENTATIONS = YES;
				CLANG_WARN_DIRECT_OBJC_ISA_USAGE = YES_ERROR;
				CLANG_WARN_DOCUMENTATION_COMMENTS = YES;
				CLANG_WARN_EMPTY_BODY = YES;
				CLANG_WARN_ENUM_CONVERSION = YES;
				CLANG_WARN_INFINITE_RECURSION = YES;
				CLANG_WARN_INT_CONVERSION = YES;
				CLANG_WARN_NON_LITERAL_NULL_CONVERSION = YES;
				CLANG_WARN_OBJC_IMPLICIT_RETAIN_SELF = YES;
				CLANG_WARN_OBJC_LITERAL_CONVERSION = YES;
				CLANG_WARN_OBJC_ROOT_CLASS = YES_ERROR;
				CLANG_WARN_RANGE_LOOP_ANALYSIS = YES;
				CLANG_WARN_STRICT_PROTOTYPES = YES;
				CLANG_WARN_SUSPICIOUS_MOVE = YES;
				CLANG_WARN_UNGUARDED_AVAILABILITY = YES_AGGRESSIVE;
				CLANG_WARN_UNREACHABLE_CODE = YES;
				CLANG_WARN__DUPLICATE_METHOD_MATCH = YES;
				CODE_SIGN_IDENTITY = "iPhone Developer";
				COPY_PHASE_STRIP = NO;
				DEBUG_INFORMATION_FORMAT = "dwarf-with-dsym";
				ENABLE_NS_ASSERTIONS = NO;
				ENABLE_STRICT_OBJC_MSGSEND = YES;
				GCC_C_LANGUAGE_STANDARD = gnu11;
				GCC_NO_COMMON_BLOCKS = YES;
				GCC_WARN_64_TO_32_BIT_CONVERSION = YES;
				GCC_WARN_ABOUT_RETURN_TYPE = YES_ERROR;
				GCC_WARN_UNDECLARED_SELECTOR = YES;
				GCC_WARN_UNINITIALIZED_AUTOS = YES_AGGRESSIVE;
				GCC_WARN_UNUSED_FUNCTION = YES;
				GCC_WARN_UNUSED_VARIABLE = YES;
				IPHONEOS_DEPLOYMENT_TARGET = 11.4;
				MTL_ENABLE_DEBUG_INFO = NO;
				SDKROOT = iphoneos;
				SWIFT_COMPILATION_MODE = wholemodule;
				SWIFT_OPTIMIZATION_LEVEL = "-O";
				VALIDATE_PRODUCT = YES;
			};
			name = Release;
		};
		A2CA8506217E14D700242A6C /* Debug */ = {
			isa = XCBuildConfiguration;
			baseConfigurationReference = FA084E18D54ADF25D3A6041B /* Pods-merlinApp.debug.xcconfig */;
			buildSettings = {
				ASSETCATALOG_COMPILER_APPICON_NAME = AppIcon;
				CODE_SIGN_STYLE = Automatic;
				DEVELOPMENT_TEAM = FMMKY99N8F;
				INFOPLIST_FILE = merlinApp/Info.plist;
				IPHONEOS_DEPLOYMENT_TARGET = 10.0;
				LD_RUNPATH_SEARCH_PATHS = (
					"$(inherited)",
					"@executable_path/Frameworks",
				);
				PRODUCT_BUNDLE_IDENTIFIER = diego.merlinApp;
				PRODUCT_NAME = "$(TARGET_NAME)";
				SWIFT_VERSION = 4.0;
				TARGETED_DEVICE_FAMILY = "1,2";
			};
			name = Debug;
		};
		A2CA8507217E14D700242A6C /* Release */ = {
			isa = XCBuildConfiguration;
			baseConfigurationReference = 477765481D674EFF4A1C9ACA /* Pods-merlinApp.release.xcconfig */;
			buildSettings = {
				ASSETCATALOG_COMPILER_APPICON_NAME = AppIcon;
				CODE_SIGN_STYLE = Automatic;
				DEVELOPMENT_TEAM = FMMKY99N8F;
				INFOPLIST_FILE = merlinApp/Info.plist;
				IPHONEOS_DEPLOYMENT_TARGET = 10.0;
				LD_RUNPATH_SEARCH_PATHS = (
					"$(inherited)",
					"@executable_path/Frameworks",
				);
				PRODUCT_BUNDLE_IDENTIFIER = diego.merlinApp;
				PRODUCT_NAME = "$(TARGET_NAME)";
				SWIFT_VERSION = 4.0;
				TARGETED_DEVICE_FAMILY = "1,2";
			};
			name = Release;
		};
		A2CA8509217E14D700242A6C /* Debug */ = {
			isa = XCBuildConfiguration;
			baseConfigurationReference = E906B6A8943C50B5EE943FDE /* Pods-merlinAppTests.debug.xcconfig */;
			buildSettings = {
				ALWAYS_EMBED_SWIFT_STANDARD_LIBRARIES = YES;
				BUNDLE_LOADER = "$(TEST_HOST)";
				CODE_SIGN_STYLE = Automatic;
				INFOPLIST_FILE = merlinAppTests/Info.plist;
				LD_RUNPATH_SEARCH_PATHS = (
					"$(inherited)",
					"@executable_path/Frameworks",
					"@loader_path/Frameworks",
				);
				PRODUCT_BUNDLE_IDENTIFIER = diego.merlinAppTests;
				PRODUCT_NAME = "$(TARGET_NAME)";
				SWIFT_VERSION = 4.0;
				TARGETED_DEVICE_FAMILY = "1,2";
				TEST_HOST = "$(BUILT_PRODUCTS_DIR)/merlinApp.app/merlinApp";
			};
			name = Debug;
		};
		A2CA850A217E14D700242A6C /* Release */ = {
			isa = XCBuildConfiguration;
			baseConfigurationReference = 8256B7600E1DBCF2301D7A5D /* Pods-merlinAppTests.release.xcconfig */;
			buildSettings = {
				ALWAYS_EMBED_SWIFT_STANDARD_LIBRARIES = YES;
				BUNDLE_LOADER = "$(TEST_HOST)";
				CODE_SIGN_STYLE = Automatic;
				INFOPLIST_FILE = merlinAppTests/Info.plist;
				LD_RUNPATH_SEARCH_PATHS = (
					"$(inherited)",
					"@executable_path/Frameworks",
					"@loader_path/Frameworks",
				);
				PRODUCT_BUNDLE_IDENTIFIER = diego.merlinAppTests;
				PRODUCT_NAME = "$(TARGET_NAME)";
				SWIFT_VERSION = 4.0;
				TARGETED_DEVICE_FAMILY = "1,2";
				TEST_HOST = "$(BUILT_PRODUCTS_DIR)/merlinApp.app/merlinApp";
			};
			name = Release;
		};
		A2CA850C217E14D700242A6C /* Debug */ = {
			isa = XCBuildConfiguration;
			baseConfigurationReference = 81140B414ED780F2C51273E5 /* Pods-merlinAppUITests.debug.xcconfig */;
			buildSettings = {
				ALWAYS_EMBED_SWIFT_STANDARD_LIBRARIES = YES;
				CODE_SIGN_STYLE = Automatic;
				INFOPLIST_FILE = merlinAppUITests/Info.plist;
				LD_RUNPATH_SEARCH_PATHS = (
					"$(inherited)",
					"@executable_path/Frameworks",
					"@loader_path/Frameworks",
				);
				PRODUCT_BUNDLE_IDENTIFIER = diego.merlinAppUITests;
				PRODUCT_NAME = "$(TARGET_NAME)";
				SWIFT_VERSION = 4.0;
				TARGETED_DEVICE_FAMILY = "1,2";
				TEST_TARGET_NAME = merlinApp;
			};
			name = Debug;
		};
		A2CA850D217E14D700242A6C /* Release */ = {
			isa = XCBuildConfiguration;
			baseConfigurationReference = 692D0F940CFF86C1280DF7E7 /* Pods-merlinAppUITests.release.xcconfig */;
			buildSettings = {
				ALWAYS_EMBED_SWIFT_STANDARD_LIBRARIES = YES;
				CODE_SIGN_STYLE = Automatic;
				INFOPLIST_FILE = merlinAppUITests/Info.plist;
				LD_RUNPATH_SEARCH_PATHS = (
					"$(inherited)",
					"@executable_path/Frameworks",
					"@loader_path/Frameworks",
				);
				PRODUCT_BUNDLE_IDENTIFIER = diego.merlinAppUITests;
				PRODUCT_NAME = "$(TARGET_NAME)";
				SWIFT_VERSION = 4.0;
				TARGETED_DEVICE_FAMILY = "1,2";
				TEST_TARGET_NAME = merlinApp;
			};
			name = Release;
		};
/* End XCBuildConfiguration section */

/* Begin XCConfigurationList section */
		A2CA84D5217E14D500242A6C /* Build configuration list for PBXProject "merlinApp" */ = {
			isa = XCConfigurationList;
			buildConfigurations = (
				A2CA8503217E14D700242A6C /* Debug */,
				A2CA8504217E14D700242A6C /* Release */,
			);
			defaultConfigurationIsVisible = 0;
			defaultConfigurationName = Release;
		};
		A2CA8505217E14D700242A6C /* Build configuration list for PBXNativeTarget "merlinApp" */ = {
			isa = XCConfigurationList;
			buildConfigurations = (
				A2CA8506217E14D700242A6C /* Debug */,
				A2CA8507217E14D700242A6C /* Release */,
			);
			defaultConfigurationIsVisible = 0;
			defaultConfigurationName = Release;
		};
		A2CA8508217E14D700242A6C /* Build configuration list for PBXNativeTarget "merlinAppTests" */ = {
			isa = XCConfigurationList;
			buildConfigurations = (
				A2CA8509217E14D700242A6C /* Debug */,
				A2CA850A217E14D700242A6C /* Release */,
			);
			defaultConfigurationIsVisible = 0;
			defaultConfigurationName = Release;
		};
		A2CA850B217E14D700242A6C /* Build configuration list for PBXNativeTarget "merlinAppUITests" */ = {
			isa = XCConfigurationList;
			buildConfigurations = (
				A2CA850C217E14D700242A6C /* Debug */,
				A2CA850D217E14D700242A6C /* Release */,
			);
			defaultConfigurationIsVisible = 0;
			defaultConfigurationName = Release;
		};
/* End XCConfigurationList section */

/* Begin XCVersionGroup section */
		A2CA84E4217E14D500242A6C /* merlinApp.xcdatamodeld */ = {
			isa = XCVersionGroup;
			children = (
				A2CA84E5217E14D500242A6C /* merlinApp.xcdatamodel */,
			);
			currentVersion = A2CA84E5217E14D500242A6C /* merlinApp.xcdatamodel */;
			path = merlinApp.xcdatamodeld;
			sourceTree = "<group>";
			versionGroupType = wrapper.xcdatamodel;
		};
/* End XCVersionGroup section */
	};
	rootObject = A2CA84D2217E14D500242A6C /* Project object */;
}
